
Microsoft Visual Studio Solution File, Format Version 12.00
# Visual Studio 15
VisualStudioVersion = 15.0.25807.0
MinimumVisualStudioVersion = 10.0.40219.1
Project("{E24C65DC-7377-472B-9ABA-BC803B73C61A}") = "ReeGridView", ".", "{AFCFD8C6-27CD-451F-BE3F-861CABBDB334}"
	ProjectSection(WebsiteProperties) = preProject
		TargetFrameworkMoniker = ".NETFramework,Version%3Dv4.5.2"
		Debug.AspNetCompiler.VirtualPath = "/localhost_63174"
		Debug.AspNetCompiler.PhysicalPath = "..\ReeGridView\"
		Debug.AspNetCompiler.TargetPath = "PrecompiledWeb\localhost_63174\"
		Debug.AspNetCompiler.Updateable = "true"
		Debug.AspNetCompiler.ForceOverwrite = "true"
		Debug.AspNetCompiler.FixedNames = "false"
		Debug.AspNetCompiler.Debug = "True"
		Release.AspNetCompiler.VirtualPath = "/localhost_63174"
		Release.AspNetCompiler.PhysicalPath = "..\ReeGridView\"
		Release.AspNetCompiler.TargetPath = "PrecompiledWeb\localhost_63174\"
		Release.AspNetCompiler.Updateable = "true"
		Release.AspNetCompiler.ForceOverwrite = "true"
		Release.AspNetCompiler.FixedNames = "false"
		Release.AspNetCompiler.Debug = "False"
		VWDPort = "63174"
		SlnRelativePath = "..\ReeGridView\"
	EndProjectSection
EndProject
Global
	GlobalSection(SolutionConfigurationPlatforms) = preSolution
		Debug|Any CPU = Debug|Any CPU
	EndGlobalSection
	GlobalSection(ProjectConfigurationPlatforms) = postSolution
		{AFCFD8C6-27CD-451F-BE3F-861CABBDB334}.Debug|Any CPU.ActiveCfg = Debug|Any CPU
		{AFCFD8C6-27CD-451F-BE3F-861CABBDB334}.Debug|Any CPU.Build.0 = Debug|Any CPU
	EndGlobalSection
	GlobalSection(SolutionProperties) = preSolution
		HideSolutionNode = FALSE
	EndGlobalSection
EndGlobal
